
Microsoft Visual Studio Solution File, Format Version 12.00
# Visual Studio Version 17
VisualStudioVersion = 17.0.31903.59
MinimumVisualStudioVersion = 10.0.40219.1
Project("{FAE04EC0-301F-11D3-BF4B-00C04F79EFBC}") = "PetFamily.API", "src\PetFamily.API\PetFamily.API.csproj", "{3871FEE4-E53A-467E-B808-6CEB5713FEC2}"
EndProject
Project("{FAE04EC0-301F-11D3-BF4B-00C04F79EFBC}") = "PetFamily.Infrastructure", "src\PetFamily.Infrastructure\PetFamily.Infrastructure.csproj", "{1BE3EEBD-D527-4EF7-8E23-C0363B1C0612}"
EndProject
Project("{FAE04EC0-301F-11D3-BF4B-00C04F79EFBC}") = "PetFamily.Domain", "src\PetFamily.Domain\PetFamily.Domain.csproj", "{A4382395-74CC-47B7-8EDE-65C960DDCE8E}"
EndProject
Project("{FAE04EC0-301F-11D3-BF4B-00C04F79EFBC}") = "PetFamily.Application", "src\PetFamily.Application\PetFamily.Application.csproj", "{62DA81AD-D829-40FC-AF6B-39C6ECF33666}"
EndProject
Project("{2150E333-8FDC-42A3-9474-1A3956D46DE8}") = "Solution Items", "Solution Items", "{F2AF5334-C80F-4E14-A91D-6E2815DA7C98}"
	ProjectSection(SolutionItems) = preProject
		compose.yaml = compose.yaml
	EndProjectSection
EndProject
Project("{2150E333-8FDC-42A3-9474-1A3956D46DE8}") = "src", "src", "{B3BA9DA3-32D4-420D-B54F-5838E4E8BE28}"
EndProject
Project("{2150E333-8FDC-42A3-9474-1A3956D46DE8}") = "tests", "tests", "{B07A191A-1D67-460A-9005-E5D0EC15F99E}"
EndProject
Project("{FAE04EC0-301F-11D3-BF4B-00C04F79EFBC}") = "PetFamily.UnitTests", "PetFamily.UnitTests\PetFamily.UnitTests.csproj", "{B13AC170-37EC-4A65-8E90-BB9334EC66BB}"
EndProject
Global
	GlobalSection(SolutionConfigurationPlatforms) = preSolution
		Debug|Any CPU = Debug|Any CPU
		Release|Any CPU = Release|Any CPU
	EndGlobalSection
	GlobalSection(SolutionProperties) = preSolution
		HideSolutionNode = FALSE
	EndGlobalSection
	GlobalSection(ProjectConfigurationPlatforms) = postSolution
		{3871FEE4-E53A-467E-B808-6CEB5713FEC2}.Debug|Any CPU.ActiveCfg = Debug|Any CPU
		{3871FEE4-E53A-467E-B808-6CEB5713FEC2}.Debug|Any CPU.Build.0 = Debug|Any CPU
		{3871FEE4-E53A-467E-B808-6CEB5713FEC2}.Release|Any CPU.ActiveCfg = Release|Any CPU
		{3871FEE4-E53A-467E-B808-6CEB5713FEC2}.Release|Any CPU.Build.0 = Release|Any CPU
		{1BE3EEBD-D527-4EF7-8E23-C0363B1C0612}.Debug|Any CPU.ActiveCfg = Debug|Any CPU
		{1BE3EEBD-D527-4EF7-8E23-C0363B1C0612}.Debug|Any CPU.Build.0 = Debug|Any CPU
		{1BE3EEBD-D527-4EF7-8E23-C0363B1C0612}.Release|Any CPU.ActiveCfg = Release|Any CPU
		{1BE3EEBD-D527-4EF7-8E23-C0363B1C0612}.Release|Any CPU.Build.0 = Release|Any CPU
		{A4382395-74CC-47B7-8EDE-65C960DDCE8E}.Debug|Any CPU.ActiveCfg = Debug|Any CPU
		{A4382395-74CC-47B7-8EDE-65C960DDCE8E}.Debug|Any CPU.Build.0 = Debug|Any CPU
		{A4382395-74CC-47B7-8EDE-65C960DDCE8E}.Release|Any CPU.ActiveCfg = Release|Any CPU
		{A4382395-74CC-47B7-8EDE-65C960DDCE8E}.Release|Any CPU.Build.0 = Release|Any CPU
		{62DA81AD-D829-40FC-AF6B-39C6ECF33666}.Debug|Any CPU.ActiveCfg = Debug|Any CPU
		{62DA81AD-D829-40FC-AF6B-39C6ECF33666}.Debug|Any CPU.Build.0 = Debug|Any CPU
		{62DA81AD-D829-40FC-AF6B-39C6ECF33666}.Release|Any CPU.ActiveCfg = Release|Any CPU
		{62DA81AD-D829-40FC-AF6B-39C6ECF33666}.Release|Any CPU.Build.0 = Release|Any CPU
		{B13AC170-37EC-4A65-8E90-BB9334EC66BB}.Debug|Any CPU.ActiveCfg = Debug|Any CPU
		{B13AC170-37EC-4A65-8E90-BB9334EC66BB}.Debug|Any CPU.Build.0 = Debug|Any CPU
		{B13AC170-37EC-4A65-8E90-BB9334EC66BB}.Release|Any CPU.ActiveCfg = Release|Any CPU
		{B13AC170-37EC-4A65-8E90-BB9334EC66BB}.Release|Any CPU.Build.0 = Release|Any CPU
	EndGlobalSection
	GlobalSection(NestedProjects) = preSolution
		{3871FEE4-E53A-467E-B808-6CEB5713FEC2} = {B3BA9DA3-32D4-420D-B54F-5838E4E8BE28}
		{62DA81AD-D829-40FC-AF6B-39C6ECF33666} = {B3BA9DA3-32D4-420D-B54F-5838E4E8BE28}
		{A4382395-74CC-47B7-8EDE-65C960DDCE8E} = {B3BA9DA3-32D4-420D-B54F-5838E4E8BE28}
		{1BE3EEBD-D527-4EF7-8E23-C0363B1C0612} = {B3BA9DA3-32D4-420D-B54F-5838E4E8BE28}
		{B13AC170-37EC-4A65-8E90-BB9334EC66BB} = {B07A191A-1D67-460A-9005-E5D0EC15F99E}
	EndGlobalSection
EndGlobal
