
Microsoft Visual Studio Solution File, Format Version 12.00
# Visual Studio Version 17
VisualStudioVersion = 17.0.31903.59
MinimumVisualStudioVersion = 10.0.40219.1
Project("{FAE04EC0-301F-11D3-BF4B-00C04F79EFBC}") = "PetFamily.Web", "src\PetFamily.Web\PetFamily.Web.csproj", "{3871FEE4-E53A-467E-B808-6CEB5713FEC2}"
EndProject
Project("{2150E333-8FDC-42A3-9474-1A3956D46DE8}") = "Solution Items", "Solution Items", "{F2AF5334-C80F-4E14-A91D-6E2815DA7C98}"
	ProjectSection(SolutionItems) = preProject
		compose.yaml = compose.yaml
	EndProjectSection
EndProject
Project("{2150E333-8FDC-42A3-9474-1A3956D46DE8}") = "src", "src", "{B3BA9DA3-32D4-420D-B54F-5838E4E8BE28}"
EndProject
Project("{FAE04EC0-301F-11D3-BF4B-00C04F79EFBC}") = "PetFamily.Volunteers.Presentation", "src\Volunteers\src\PetFamily.Volunteers.Presentation\PetFamily.Volunteers.Presentation.csproj", "{70A10E4A-D388-4CC1-B2FD-5A0648E1A6C4}"
EndProject
Project("{FAE04EC0-301F-11D3-BF4B-00C04F79EFBC}") = "PetFamily.Volunteers.Application", "src\Volunteers\src\PetFamily.Volunteers.Application\PetFamily.Volunteers.Application.csproj", "{0E920AE6-12BE-453F-885E-17CAA3C93AFB}"
EndProject
Project("{FAE04EC0-301F-11D3-BF4B-00C04F79EFBC}") = "PetFamily.Volunteers.Domain", "src\Volunteers\src\PetFamily.Volunteers.Domain\PetFamily.Volunteers.Domain.csproj", "{25F1B8D1-6EE0-46A0-88DD-20793916E60D}"
EndProject
Project("{FAE04EC0-301F-11D3-BF4B-00C04F79EFBC}") = "PetFamily.Volunteers.Infrastructure", "src\Volunteers\src\PetFamily.Volunteers.Infrastructure\PetFamily.Volunteers.Infrastructure.csproj", "{F343899E-4824-407F-AE70-2605C2C88B73}"
EndProject
Project("{FAE04EC0-301F-11D3-BF4B-00C04F79EFBC}") = "PetFamily.Core", "src\Shared\PetFamily.Core\PetFamily.Core.csproj", "{158FD949-E41E-4901-A2D2-3A0E3D6F902A}"
EndProject
Project("{FAE04EC0-301F-11D3-BF4B-00C04F79EFBC}") = "PetFamily.Accounts.Application", "src\Accounts\PetFamily.Accounts.Application\PetFamily.Accounts.Application.csproj", "{8BBD3818-1C38-4318-BA10-02E0BE7B4EFE}"
EndProject
Project("{FAE04EC0-301F-11D3-BF4B-00C04F79EFBC}") = "PetFamily.Accounts.Presentation", "src\Accounts\PetFamily.Accounts.Presentation\PetFamily.Accounts.Presentation.csproj", "{DC9700C8-1E89-4824-BBB8-A5ED9419C6CE}"
EndProject
Project("{FAE04EC0-301F-11D3-BF4B-00C04F79EFBC}") = "PetFamily.Accounts.Domain", "src\Accounts\PetFamily.Accounts.Domain\PetFamily.Accounts.Domain.csproj", "{49B84039-057D-4FB8-9CCA-781BDAE7EEF7}"
EndProject
Project("{FAE04EC0-301F-11D3-BF4B-00C04F79EFBC}") = "PetFamily.Accounts.Infrastructure", "src\Accounts\PetFamily.Accounts.Infrastructure\PetFamily.Accounts.Infrastructure.csproj", "{CE3C734D-95F6-4EF6-986E-B57370CF656B}"
EndProject
Project("{2150E333-8FDC-42A3-9474-1A3956D46DE8}") = "Accounts", "Accounts", "{2052BFAD-E4FA-4018-92BF-AC861E310D2C}"
EndProject
Project("{FAE04EC0-301F-11D3-BF4B-00C04F79EFBC}") = "PetFamily.Accounts.Contracts", "src\Accounts\PetFamily.Accounts.Contracts\PetFamily.Accounts.Contracts.csproj", "{E6860751-F912-4AE3-9EC5-A45D4392881C}"
EndProject
Project("{2150E333-8FDC-42A3-9474-1A3956D46DE8}") = "Volunteers", "Volunteers", "{2866A6A8-6A90-4876-868D-C16ED4CCA31F}"
EndProject
Project("{FAE04EC0-301F-11D3-BF4B-00C04F79EFBC}") = "PetFamily.Volunteers.Contracts", "src\Volunteers\src\PetFamily.Volunteers.Contracts\PetFamily.Volunteers.Contracts.csproj", "{87E8AFEC-F0D3-4807-AE0A-5C8E17F31567}"
EndProject
Project("{FAE04EC0-301F-11D3-BF4B-00C04F79EFBC}") = "PetFamily.Species.Domain", "src\Species\src\PetFamily.Species.Domain\PetFamily.Species.Domain.csproj", "{ED261826-570A-49A6-8440-51E3A36C03A4}"
EndProject
Project("{FAE04EC0-301F-11D3-BF4B-00C04F79EFBC}") = "PetFamily.Species.Application", "src\Species\src\PetFamily.Species.Application\PetFamily.Species.Application.csproj", "{E229903E-A223-446C-B103-816A3695EDA2}"
EndProject
Project("{FAE04EC0-301F-11D3-BF4B-00C04F79EFBC}") = "PetFamily.Species.Contracts", "src\Species\src\PetFamily.Species.Contracts\PetFamily.Species.Contracts.csproj", "{A47B4704-F3EC-4E71-93CB-ACD279773F74}"
EndProject
Project("{FAE04EC0-301F-11D3-BF4B-00C04F79EFBC}") = "PetFamily.Species.Infrastructure", "src\Species\src\PetFamily.Species.Infrastructure\PetFamily.Species.Infrastructure.csproj", "{33C1261D-4B84-4508-B8A4-50AB44DC518C}"
EndProject
Project("{FAE04EC0-301F-11D3-BF4B-00C04F79EFBC}") = "PetFamily.Species.Presentation", "src\Species\src\PetFamily.Species.Presentation\PetFamily.Species.Presentation.csproj", "{7169CB6C-D84A-4B9F-B524-6946BE9F1A9D}"
EndProject
Project("{2150E333-8FDC-42A3-9474-1A3956D46DE8}") = "Species", "Species", "{826D7DCD-8AC7-44D1-AC6F-97FEB7263E6A}"
EndProject
Project("{FAE04EC0-301F-11D3-BF4B-00C04F79EFBC}") = "PetFamily.SharedKernel", "src\Shared\PetFamily.SharedKernel\PetFamily.SharedKernel.csproj", "{621BDEB3-D9F2-4F10-AF97-2F1F836842E2}"
EndProject
Project("{FAE04EC0-301F-11D3-BF4B-00C04F79EFBC}") = "PetFamily.Framework", "src\Shared\PetFamily.Framework\PetFamily.Framework.csproj", "{86789985-ED1C-484C-9742-3D644C7598E1}"
EndProject
Project("{2150E333-8FDC-42A3-9474-1A3956D46DE8}") = "Shared", "Shared", "{CD551623-CFB3-4A88-9FC0-DD7ADB135AB2}"
EndProject
Project("{2150E333-8FDC-42A3-9474-1A3956D46DE8}") = "src", "src", "{D7BD3C0E-67EE-4AED-A497-58D18C8ED70C}"
EndProject
Project("{2150E333-8FDC-42A3-9474-1A3956D46DE8}") = "tests", "tests", "{932BC8B4-096B-4618-9BA7-F1BB0E72C4A9}"
EndProject
Project("{FAE04EC0-301F-11D3-BF4B-00C04F79EFBC}") = "UnitTests", "src\Volunteers\tests\UnitTests\UnitTests.csproj", "{CC89BC7F-2BF0-4C1D-96EC-3BFD470CFCF9}"
EndProject
Project("{FAE04EC0-301F-11D3-BF4B-00C04F79EFBC}") = "IntegrationTests", "src\Volunteers\tests\IntegrationTests\IntegrationTests.csproj", "{8F9841DC-667A-4958-8050-8FE6E2087B75}"
EndProject
Project("{2150E333-8FDC-42A3-9474-1A3956D46DE8}") = "src", "src", "{ADC5ACD2-00DC-4E17-8B06-62DB21295E01}"
EndProject
Project("{2150E333-8FDC-42A3-9474-1A3956D46DE8}") = "tests", "tests", "{00B83810-772F-4794-B6BD-1B89E3F34D55}"
EndProject
Project("{FAE04EC0-301F-11D3-BF4B-00C04F79EFBC}") = "UnitTests", "src\Species\tests\UnitTests\UnitTests.csproj", "{A97D231B-AFEA-4822-ADCB-280AE6633DD7}"
EndProject
Project("{FAE04EC0-301F-11D3-BF4B-00C04F79EFBC}") = "IntegrationTests", "src\Species\tests\IntegrationTests\IntegrationTests.csproj", "{1E9AEFDC-2F65-4098-A8C7-D48D2C5C896D}"
EndProject
Global
	GlobalSection(SolutionConfigurationPlatforms) = preSolution
		Debug|Any CPU = Debug|Any CPU
		Release|Any CPU = Release|Any CPU
	EndGlobalSection
	GlobalSection(SolutionProperties) = preSolution
		HideSolutionNode = FALSE
	EndGlobalSection
	GlobalSection(ProjectConfigurationPlatforms) = postSolution
		{3871FEE4-E53A-467E-B808-6CEB5713FEC2}.Debug|Any CPU.ActiveCfg = Debug|Any CPU
		{3871FEE4-E53A-467E-B808-6CEB5713FEC2}.Debug|Any CPU.Build.0 = Debug|Any CPU
		{3871FEE4-E53A-467E-B808-6CEB5713FEC2}.Release|Any CPU.ActiveCfg = Release|Any CPU
		{3871FEE4-E53A-467E-B808-6CEB5713FEC2}.Release|Any CPU.Build.0 = Release|Any CPU
		{70A10E4A-D388-4CC1-B2FD-5A0648E1A6C4}.Debug|Any CPU.ActiveCfg = Debug|Any CPU
		{70A10E4A-D388-4CC1-B2FD-5A0648E1A6C4}.Debug|Any CPU.Build.0 = Debug|Any CPU
		{70A10E4A-D388-4CC1-B2FD-5A0648E1A6C4}.Release|Any CPU.ActiveCfg = Release|Any CPU
		{70A10E4A-D388-4CC1-B2FD-5A0648E1A6C4}.Release|Any CPU.Build.0 = Release|Any CPU
		{0E920AE6-12BE-453F-885E-17CAA3C93AFB}.Debug|Any CPU.ActiveCfg = Debug|Any CPU
		{0E920AE6-12BE-453F-885E-17CAA3C93AFB}.Debug|Any CPU.Build.0 = Debug|Any CPU
		{0E920AE6-12BE-453F-885E-17CAA3C93AFB}.Release|Any CPU.ActiveCfg = Release|Any CPU
		{0E920AE6-12BE-453F-885E-17CAA3C93AFB}.Release|Any CPU.Build.0 = Release|Any CPU
		{25F1B8D1-6EE0-46A0-88DD-20793916E60D}.Debug|Any CPU.ActiveCfg = Debug|Any CPU
		{25F1B8D1-6EE0-46A0-88DD-20793916E60D}.Debug|Any CPU.Build.0 = Debug|Any CPU
		{25F1B8D1-6EE0-46A0-88DD-20793916E60D}.Release|Any CPU.ActiveCfg = Release|Any CPU
		{25F1B8D1-6EE0-46A0-88DD-20793916E60D}.Release|Any CPU.Build.0 = Release|Any CPU
		{F343899E-4824-407F-AE70-2605C2C88B73}.Debug|Any CPU.ActiveCfg = Debug|Any CPU
		{F343899E-4824-407F-AE70-2605C2C88B73}.Debug|Any CPU.Build.0 = Debug|Any CPU
		{F343899E-4824-407F-AE70-2605C2C88B73}.Release|Any CPU.ActiveCfg = Release|Any CPU
		{F343899E-4824-407F-AE70-2605C2C88B73}.Release|Any CPU.Build.0 = Release|Any CPU
		{158FD949-E41E-4901-A2D2-3A0E3D6F902A}.Debug|Any CPU.ActiveCfg = Debug|Any CPU
		{158FD949-E41E-4901-A2D2-3A0E3D6F902A}.Debug|Any CPU.Build.0 = Debug|Any CPU
		{158FD949-E41E-4901-A2D2-3A0E3D6F902A}.Release|Any CPU.ActiveCfg = Release|Any CPU
		{158FD949-E41E-4901-A2D2-3A0E3D6F902A}.Release|Any CPU.Build.0 = Release|Any CPU
		{8BBD3818-1C38-4318-BA10-02E0BE7B4EFE}.Debug|Any CPU.ActiveCfg = Debug|Any CPU
		{8BBD3818-1C38-4318-BA10-02E0BE7B4EFE}.Debug|Any CPU.Build.0 = Debug|Any CPU
		{8BBD3818-1C38-4318-BA10-02E0BE7B4EFE}.Release|Any CPU.ActiveCfg = Release|Any CPU
		{8BBD3818-1C38-4318-BA10-02E0BE7B4EFE}.Release|Any CPU.Build.0 = Release|Any CPU
		{DC9700C8-1E89-4824-BBB8-A5ED9419C6CE}.Debug|Any CPU.ActiveCfg = Debug|Any CPU
		{DC9700C8-1E89-4824-BBB8-A5ED9419C6CE}.Debug|Any CPU.Build.0 = Debug|Any CPU
		{DC9700C8-1E89-4824-BBB8-A5ED9419C6CE}.Release|Any CPU.ActiveCfg = Release|Any CPU
		{DC9700C8-1E89-4824-BBB8-A5ED9419C6CE}.Release|Any CPU.Build.0 = Release|Any CPU
		{49B84039-057D-4FB8-9CCA-781BDAE7EEF7}.Debug|Any CPU.ActiveCfg = Debug|Any CPU
		{49B84039-057D-4FB8-9CCA-781BDAE7EEF7}.Debug|Any CPU.Build.0 = Debug|Any CPU
		{49B84039-057D-4FB8-9CCA-781BDAE7EEF7}.Release|Any CPU.ActiveCfg = Release|Any CPU
		{49B84039-057D-4FB8-9CCA-781BDAE7EEF7}.Release|Any CPU.Build.0 = Release|Any CPU
		{CE3C734D-95F6-4EF6-986E-B57370CF656B}.Debug|Any CPU.ActiveCfg = Debug|Any CPU
		{CE3C734D-95F6-4EF6-986E-B57370CF656B}.Debug|Any CPU.Build.0 = Debug|Any CPU
		{CE3C734D-95F6-4EF6-986E-B57370CF656B}.Release|Any CPU.ActiveCfg = Release|Any CPU
		{CE3C734D-95F6-4EF6-986E-B57370CF656B}.Release|Any CPU.Build.0 = Release|Any CPU
		{E6860751-F912-4AE3-9EC5-A45D4392881C}.Debug|Any CPU.ActiveCfg = Debug|Any CPU
		{E6860751-F912-4AE3-9EC5-A45D4392881C}.Debug|Any CPU.Build.0 = Debug|Any CPU
		{E6860751-F912-4AE3-9EC5-A45D4392881C}.Release|Any CPU.ActiveCfg = Release|Any CPU
		{E6860751-F912-4AE3-9EC5-A45D4392881C}.Release|Any CPU.Build.0 = Release|Any CPU
		{87E8AFEC-F0D3-4807-AE0A-5C8E17F31567}.Debug|Any CPU.ActiveCfg = Debug|Any CPU
		{87E8AFEC-F0D3-4807-AE0A-5C8E17F31567}.Debug|Any CPU.Build.0 = Debug|Any CPU
		{87E8AFEC-F0D3-4807-AE0A-5C8E17F31567}.Release|Any CPU.ActiveCfg = Release|Any CPU
		{87E8AFEC-F0D3-4807-AE0A-5C8E17F31567}.Release|Any CPU.Build.0 = Release|Any CPU
		{ED261826-570A-49A6-8440-51E3A36C03A4}.Debug|Any CPU.ActiveCfg = Debug|Any CPU
		{ED261826-570A-49A6-8440-51E3A36C03A4}.Debug|Any CPU.Build.0 = Debug|Any CPU
		{ED261826-570A-49A6-8440-51E3A36C03A4}.Release|Any CPU.ActiveCfg = Release|Any CPU
		{ED261826-570A-49A6-8440-51E3A36C03A4}.Release|Any CPU.Build.0 = Release|Any CPU
		{E229903E-A223-446C-B103-816A3695EDA2}.Debug|Any CPU.ActiveCfg = Debug|Any CPU
		{E229903E-A223-446C-B103-816A3695EDA2}.Debug|Any CPU.Build.0 = Debug|Any CPU
		{E229903E-A223-446C-B103-816A3695EDA2}.Release|Any CPU.ActiveCfg = Release|Any CPU
		{E229903E-A223-446C-B103-816A3695EDA2}.Release|Any CPU.Build.0 = Release|Any CPU
		{A47B4704-F3EC-4E71-93CB-ACD279773F74}.Debug|Any CPU.ActiveCfg = Debug|Any CPU
		{A47B4704-F3EC-4E71-93CB-ACD279773F74}.Debug|Any CPU.Build.0 = Debug|Any CPU
		{A47B4704-F3EC-4E71-93CB-ACD279773F74}.Release|Any CPU.ActiveCfg = Release|Any CPU
		{A47B4704-F3EC-4E71-93CB-ACD279773F74}.Release|Any CPU.Build.0 = Release|Any CPU
		{33C1261D-4B84-4508-B8A4-50AB44DC518C}.Debug|Any CPU.ActiveCfg = Debug|Any CPU
		{33C1261D-4B84-4508-B8A4-50AB44DC518C}.Debug|Any CPU.Build.0 = Debug|Any CPU
		{33C1261D-4B84-4508-B8A4-50AB44DC518C}.Release|Any CPU.ActiveCfg = Release|Any CPU
		{33C1261D-4B84-4508-B8A4-50AB44DC518C}.Release|Any CPU.Build.0 = Release|Any CPU
		{7169CB6C-D84A-4B9F-B524-6946BE9F1A9D}.Debug|Any CPU.ActiveCfg = Debug|Any CPU
		{7169CB6C-D84A-4B9F-B524-6946BE9F1A9D}.Debug|Any CPU.Build.0 = Debug|Any CPU
		{7169CB6C-D84A-4B9F-B524-6946BE9F1A9D}.Release|Any CPU.ActiveCfg = Release|Any CPU
		{7169CB6C-D84A-4B9F-B524-6946BE9F1A9D}.Release|Any CPU.Build.0 = Release|Any CPU
		{621BDEB3-D9F2-4F10-AF97-2F1F836842E2}.Debug|Any CPU.ActiveCfg = Debug|Any CPU
		{621BDEB3-D9F2-4F10-AF97-2F1F836842E2}.Debug|Any CPU.Build.0 = Debug|Any CPU
		{621BDEB3-D9F2-4F10-AF97-2F1F836842E2}.Release|Any CPU.ActiveCfg = Release|Any CPU
		{621BDEB3-D9F2-4F10-AF97-2F1F836842E2}.Release|Any CPU.Build.0 = Release|Any CPU
		{86789985-ED1C-484C-9742-3D644C7598E1}.Debug|Any CPU.ActiveCfg = Debug|Any CPU
		{86789985-ED1C-484C-9742-3D644C7598E1}.Debug|Any CPU.Build.0 = Debug|Any CPU
		{86789985-ED1C-484C-9742-3D644C7598E1}.Release|Any CPU.ActiveCfg = Release|Any CPU
		{86789985-ED1C-484C-9742-3D644C7598E1}.Release|Any CPU.Build.0 = Release|Any CPU
		{CC89BC7F-2BF0-4C1D-96EC-3BFD470CFCF9}.Debug|Any CPU.ActiveCfg = Debug|Any CPU
		{CC89BC7F-2BF0-4C1D-96EC-3BFD470CFCF9}.Debug|Any CPU.Build.0 = Debug|Any CPU
		{CC89BC7F-2BF0-4C1D-96EC-3BFD470CFCF9}.Release|Any CPU.ActiveCfg = Release|Any CPU
		{CC89BC7F-2BF0-4C1D-96EC-3BFD470CFCF9}.Release|Any CPU.Build.0 = Release|Any CPU
		{8F9841DC-667A-4958-8050-8FE6E2087B75}.Debug|Any CPU.ActiveCfg = Debug|Any CPU
		{8F9841DC-667A-4958-8050-8FE6E2087B75}.Debug|Any CPU.Build.0 = Debug|Any CPU
		{8F9841DC-667A-4958-8050-8FE6E2087B75}.Release|Any CPU.ActiveCfg = Release|Any CPU
		{8F9841DC-667A-4958-8050-8FE6E2087B75}.Release|Any CPU.Build.0 = Release|Any CPU
		{A97D231B-AFEA-4822-ADCB-280AE6633DD7}.Debug|Any CPU.ActiveCfg = Debug|Any CPU
		{A97D231B-AFEA-4822-ADCB-280AE6633DD7}.Debug|Any CPU.Build.0 = Debug|Any CPU
		{A97D231B-AFEA-4822-ADCB-280AE6633DD7}.Release|Any CPU.ActiveCfg = Release|Any CPU
		{A97D231B-AFEA-4822-ADCB-280AE6633DD7}.Release|Any CPU.Build.0 = Release|Any CPU
		{1E9AEFDC-2F65-4098-A8C7-D48D2C5C896D}.Debug|Any CPU.ActiveCfg = Debug|Any CPU
		{1E9AEFDC-2F65-4098-A8C7-D48D2C5C896D}.Debug|Any CPU.Build.0 = Debug|Any CPU
		{1E9AEFDC-2F65-4098-A8C7-D48D2C5C896D}.Release|Any CPU.ActiveCfg = Release|Any CPU
		{1E9AEFDC-2F65-4098-A8C7-D48D2C5C896D}.Release|Any CPU.Build.0 = Release|Any CPU
	EndGlobalSection
	GlobalSection(NestedProjects) = preSolution
		{3871FEE4-E53A-467E-B808-6CEB5713FEC2} = {B3BA9DA3-32D4-420D-B54F-5838E4E8BE28}
		{2052BFAD-E4FA-4018-92BF-AC861E310D2C} = {B3BA9DA3-32D4-420D-B54F-5838E4E8BE28}
		{CE3C734D-95F6-4EF6-986E-B57370CF656B} = {2052BFAD-E4FA-4018-92BF-AC861E310D2C}
		{8BBD3818-1C38-4318-BA10-02E0BE7B4EFE} = {2052BFAD-E4FA-4018-92BF-AC861E310D2C}
		{DC9700C8-1E89-4824-BBB8-A5ED9419C6CE} = {2052BFAD-E4FA-4018-92BF-AC861E310D2C}
		{49B84039-057D-4FB8-9CCA-781BDAE7EEF7} = {2052BFAD-E4FA-4018-92BF-AC861E310D2C}
		{E6860751-F912-4AE3-9EC5-A45D4392881C} = {2052BFAD-E4FA-4018-92BF-AC861E310D2C}
		{2866A6A8-6A90-4876-868D-C16ED4CCA31F} = {B3BA9DA3-32D4-420D-B54F-5838E4E8BE28}
		{826D7DCD-8AC7-44D1-AC6F-97FEB7263E6A} = {B3BA9DA3-32D4-420D-B54F-5838E4E8BE28}
		{CD551623-CFB3-4A88-9FC0-DD7ADB135AB2} = {B3BA9DA3-32D4-420D-B54F-5838E4E8BE28}
		{621BDEB3-D9F2-4F10-AF97-2F1F836842E2} = {CD551623-CFB3-4A88-9FC0-DD7ADB135AB2}
		{86789985-ED1C-484C-9742-3D644C7598E1} = {CD551623-CFB3-4A88-9FC0-DD7ADB135AB2}
		{158FD949-E41E-4901-A2D2-3A0E3D6F902A} = {CD551623-CFB3-4A88-9FC0-DD7ADB135AB2}
		{D7BD3C0E-67EE-4AED-A497-58D18C8ED70C} = {2866A6A8-6A90-4876-868D-C16ED4CCA31F}
		{0E920AE6-12BE-453F-885E-17CAA3C93AFB} = {D7BD3C0E-67EE-4AED-A497-58D18C8ED70C}
		{87E8AFEC-F0D3-4807-AE0A-5C8E17F31567} = {D7BD3C0E-67EE-4AED-A497-58D18C8ED70C}
		{25F1B8D1-6EE0-46A0-88DD-20793916E60D} = {D7BD3C0E-67EE-4AED-A497-58D18C8ED70C}
		{F343899E-4824-407F-AE70-2605C2C88B73} = {D7BD3C0E-67EE-4AED-A497-58D18C8ED70C}
		{70A10E4A-D388-4CC1-B2FD-5A0648E1A6C4} = {D7BD3C0E-67EE-4AED-A497-58D18C8ED70C}
		{932BC8B4-096B-4618-9BA7-F1BB0E72C4A9} = {2866A6A8-6A90-4876-868D-C16ED4CCA31F}
		{CC89BC7F-2BF0-4C1D-96EC-3BFD470CFCF9} = {932BC8B4-096B-4618-9BA7-F1BB0E72C4A9}
		{8F9841DC-667A-4958-8050-8FE6E2087B75} = {932BC8B4-096B-4618-9BA7-F1BB0E72C4A9}
		{ADC5ACD2-00DC-4E17-8B06-62DB21295E01} = {826D7DCD-8AC7-44D1-AC6F-97FEB7263E6A}
		{E229903E-A223-446C-B103-816A3695EDA2} = {ADC5ACD2-00DC-4E17-8B06-62DB21295E01}
		{A47B4704-F3EC-4E71-93CB-ACD279773F74} = {ADC5ACD2-00DC-4E17-8B06-62DB21295E01}
		{ED261826-570A-49A6-8440-51E3A36C03A4} = {ADC5ACD2-00DC-4E17-8B06-62DB21295E01}
		{33C1261D-4B84-4508-B8A4-50AB44DC518C} = {ADC5ACD2-00DC-4E17-8B06-62DB21295E01}
		{7169CB6C-D84A-4B9F-B524-6946BE9F1A9D} = {ADC5ACD2-00DC-4E17-8B06-62DB21295E01}
		{00B83810-772F-4794-B6BD-1B89E3F34D55} = {826D7DCD-8AC7-44D1-AC6F-97FEB7263E6A}
		{A97D231B-AFEA-4822-ADCB-280AE6633DD7} = {00B83810-772F-4794-B6BD-1B89E3F34D55}
		{1E9AEFDC-2F65-4098-A8C7-D48D2C5C896D} = {00B83810-772F-4794-B6BD-1B89E3F34D55}
	EndGlobalSection
EndGlobal
